// !$*UTF8*$!
{
	archiveVersion = 1;
	classes = {
	};
	objectVersion = 50;
	objects = {

/* Begin PBXBuildFile section */
		9FC30B8624FABA4F007DD4D0 /* AppDelegate.swift in Sources */ = {isa = PBXBuildFile; fileRef = 9FC30B8524FABA4F007DD4D0 /* AppDelegate.swift */; };
		9FC30B8824FABA4F007DD4D0 /* SceneDelegate.swift in Sources */ = {isa = PBXBuildFile; fileRef = 9FC30B8724FABA4F007DD4D0 /* SceneDelegate.swift */; };
		9FC30B8A24FABA4F007DD4D0 /* HomeVC.swift in Sources */ = {isa = PBXBuildFile; fileRef = 9FC30B8924FABA4F007DD4D0 /* HomeVC.swift */; };
		9FC30B8D24FABA4F007DD4D0 /* Main.storyboard in Resources */ = {isa = PBXBuildFile; fileRef = 9FC30B8B24FABA4F007DD4D0 /* Main.storyboard */; };
		9FC30B8F24FABA53007DD4D0 /* Assets.xcassets in Resources */ = {isa = PBXBuildFile; fileRef = 9FC30B8E24FABA53007DD4D0 /* Assets.xcassets */; };
		9FC30B9224FABA53007DD4D0 /* LaunchScreen.storyboard in Resources */ = {isa = PBXBuildFile; fileRef = 9FC30B9024FABA53007DD4D0 /* LaunchScreen.storyboard */; };
		9FC30B9E24FABBC4007DD4D0 /* ExtensionUivew.swift in Sources */ = {isa = PBXBuildFile; fileRef = 9FC30B9C24FABBC3007DD4D0 /* ExtensionUivew.swift */; };
		9FC30B9F24FABBC4007DD4D0 /* UILabel.swift in Sources */ = {isa = PBXBuildFile; fileRef = 9FC30B9D24FABBC4007DD4D0 /* UILabel.swift */; };
		9FC30BA224FABC14007DD4D0 /* EventCollectionViewCell.swift in Sources */ = {isa = PBXBuildFile; fileRef = 9FC30BA124FABC14007DD4D0 /* EventCollectionViewCell.swift */; };
		9FC30BA424FABC73007DD4D0 /* CalendarView.swift in Sources */ = {isa = PBXBuildFile; fileRef = 9FC30BA324FABC73007DD4D0 /* CalendarView.swift */; };
		9FC30BA624FABCA7007DD4D0 /* ListView.swift in Sources */ = {isa = PBXBuildFile; fileRef = 9FC30BA524FABCA7007DD4D0 /* ListView.swift */; };
		9FC30BA824FABCDA007DD4D0 /* EventListCollectionViewCell.swift in Sources */ = {isa = PBXBuildFile; fileRef = 9FC30BA724FABCDA007DD4D0 /* EventListCollectionViewCell.swift */; };
		9FC30BAA24FABDE1007DD4D0 /* BaseCollectionCell.swift in Sources */ = {isa = PBXBuildFile; fileRef = 9FC30BA924FABDE1007DD4D0 /* BaseCollectionCell.swift */; };
		9FC30BAD24FABFF9007DD4D0 /* DateCollectionViewCell.swift in Sources */ = {isa = PBXBuildFile; fileRef = 9FC30BAC24FABFF9007DD4D0 /* DateCollectionViewCell.swift */; };
		9FC30BAF24FAC107007DD4D0 /* ListMonthHeaderCollectionReusableView.swift in Sources */ = {isa = PBXBuildFile; fileRef = 9FC30BAE24FAC107007DD4D0 /* ListMonthHeaderCollectionReusableView.swift */; };
		9FC30BB124FAC204007DD4D0 /* ListDateHeaderCollectionReusableView.swift in Sources */ = {isa = PBXBuildFile; fileRef = 9FC30BB024FAC204007DD4D0 /* ListDateHeaderCollectionReusableView.swift */; };
/* End PBXBuildFile section */

/* Begin PBXFileReference section */
		9FC30B8224FABA4F007DD4D0 /* Events Design App.app */ = {isa = PBXFileReference; explicitFileType = wrapper.application; includeInIndex = 0; path = "Events Design App.app"; sourceTree = BUILT_PRODUCTS_DIR; };
		9FC30B8524FABA4F007DD4D0 /* AppDelegate.swift */ = {isa = PBXFileReference; lastKnownFileType = sourcecode.swift; path = AppDelegate.swift; sourceTree = "<group>"; };
		9FC30B8724FABA4F007DD4D0 /* SceneDelegate.swift */ = {isa = PBXFileReference; lastKnownFileType = sourcecode.swift; path = SceneDelegate.swift; sourceTree = "<group>"; };
		9FC30B8924FABA4F007DD4D0 /* HomeVC.swift */ = {isa = PBXFileReference; lastKnownFileType = sourcecode.swift; path = HomeVC.swift; sourceTree = "<group>"; };
		9FC30B8C24FABA4F007DD4D0 /* Base */ = {isa = PBXFileReference; lastKnownFileType = file.storyboard; name = Base; path = Base.lproj/Main.storyboard; sourceTree = "<group>"; };
		9FC30B8E24FABA53007DD4D0 /* Assets.xcassets */ = {isa = PBXFileReference; lastKnownFileType = folder.assetcatalog; path = Assets.xcassets; sourceTree = "<group>"; };
		9FC30B9124FABA53007DD4D0 /* Base */ = {isa = PBXFileReference; lastKnownFileType = file.storyboard; name = Base; path = Base.lproj/LaunchScreen.storyboard; sourceTree = "<group>"; };
		9FC30B9324FABA53007DD4D0 /* Info.plist */ = {isa = PBXFileReference; lastKnownFileType = text.plist.xml; path = Info.plist; sourceTree = "<group>"; };
		9FC30B9C24FABBC3007DD4D0 /* ExtensionUivew.swift */ = {isa = PBXFileReference; fileEncoding = 4; lastKnownFileType = sourcecode.swift; path = ExtensionUivew.swift; sourceTree = "<group>"; };
		9FC30B9D24FABBC4007DD4D0 /* UILabel.swift */ = {isa = PBXFileReference; fileEncoding = 4; lastKnownFileType = sourcecode.swift; path = UILabel.swift; sourceTree = "<group>"; };
		9FC30BA124FABC14007DD4D0 /* EventCollectionViewCell.swift */ = {isa = PBXFileReference; lastKnownFileType = sourcecode.swift; path = EventCollectionViewCell.swift; sourceTree = "<group>"; };
		9FC30BA324FABC73007DD4D0 /* CalendarView.swift */ = {isa = PBXFileReference; lastKnownFileType = sourcecode.swift; path = CalendarView.swift; sourceTree = "<group>"; };
		9FC30BA524FABCA7007DD4D0 /* ListView.swift */ = {isa = PBXFileReference; lastKnownFileType = sourcecode.swift; path = ListView.swift; sourceTree = "<group>"; };
		9FC30BA724FABCDA007DD4D0 /* EventListCollectionViewCell.swift */ = {isa = PBXFileReference; lastKnownFileType = sourcecode.swift; path = EventListCollectionViewCell.swift; sourceTree = "<group>"; };
		9FC30BA924FABDE1007DD4D0 /* BaseCollectionCell.swift */ = {isa = PBXFileReference; lastKnownFileType = sourcecode.swift; path = BaseCollectionCell.swift; sourceTree = "<group>"; };
		9FC30BAC24FABFF9007DD4D0 /* DateCollectionViewCell.swift */ = {isa = PBXFileReference; lastKnownFileType = sourcecode.swift; path = DateCollectionViewCell.swift; sourceTree = "<group>"; };
		9FC30BAE24FAC107007DD4D0 /* ListMonthHeaderCollectionReusableView.swift */ = {isa = PBXFileReference; lastKnownFileType = sourcecode.swift; path = ListMonthHeaderCollectionReusableView.swift; sourceTree = "<group>"; };
		9FC30BB024FAC204007DD4D0 /* ListDateHeaderCollectionReusableView.swift */ = {isa = PBXFileReference; lastKnownFileType = sourcecode.swift; path = ListDateHeaderCollectionReusableView.swift; sourceTree = "<group>"; };
/* End PBXFileReference section */

/* Begin PBXFrameworksBuildPhase section */
		9FC30B7F24FABA4F007DD4D0 /* Frameworks */ = {
			isa = PBXFrameworksBuildPhase;
			buildActionMask = 2147483647;
			files = (
			);
			runOnlyForDeploymentPostprocessing = 0;
		};
/* End PBXFrameworksBuildPhase section */

/* Begin PBXGroup section */
		9FC30B7924FABA4F007DD4D0 = {
			isa = PBXGroup;
			children = (
				9FC30B8424FABA4F007DD4D0 /* Events Design App */,
				9FC30B8324FABA4F007DD4D0 /* Products */,
			);
			sourceTree = "<group>";
		};
		9FC30B8324FABA4F007DD4D0 /* Products */ = {
			isa = PBXGroup;
			children = (
				9FC30B8224FABA4F007DD4D0 /* Events Design App.app */,
			);
			name = Products;
			sourceTree = "<group>";
		};
		9FC30B8424FABA4F007DD4D0 /* Events Design App */ = {
			isa = PBXGroup;
			children = (
				9FC30B8524FABA4F007DD4D0 /* AppDelegate.swift */,
				9FC30B8724FABA4F007DD4D0 /* SceneDelegate.swift */,
				9FC30B9B24FABB9C007DD4D0 /* utitlies */,
				9FC30B9A24FABB96007DD4D0 /* view */,
				9FC30B9924FABA61007DD4D0 /* controller */,
				9FC30B8B24FABA4F007DD4D0 /* Main.storyboard */,
				9FC30B8E24FABA53007DD4D0 /* Assets.xcassets */,
				9FC30B9024FABA53007DD4D0 /* LaunchScreen.storyboard */,
				9FC30B9324FABA53007DD4D0 /* Info.plist */,
			);
			path = "Events Design App";
			sourceTree = "<group>";
		};
		9FC30B9924FABA61007DD4D0 /* controller */ = {
			isa = PBXGroup;
			children = (
				9FC30B8924FABA4F007DD4D0 /* HomeVC.swift */,
			);
			path = controller;
			sourceTree = "<group>";
		};
		9FC30B9A24FABB96007DD4D0 /* view */ = {
			isa = PBXGroup;
			children = (
				9FC30BA024FABBF4007DD4D0 /* cell */,
				9FC30BA324FABC73007DD4D0 /* CalendarView.swift */,
				9FC30BA524FABCA7007DD4D0 /* ListView.swift */,
			);
			path = view;
			sourceTree = "<group>";
		};
		9FC30B9B24FABB9C007DD4D0 /* utitlies */ = {
			isa = PBXGroup;
			children = (
				9FC30B9C24FABBC3007DD4D0 /* ExtensionUivew.swift */,
				9FC30B9D24FABBC4007DD4D0 /* UILabel.swift */,
			);
			path = utitlies;
			sourceTree = "<group>";
		};
		9FC30BA024FABBF4007DD4D0 /* cell */ = {
			isa = PBXGroup;
			children = (
				9FC30BAB24FABFF1007DD4D0 /* date */,
				9FC30BA924FABDE1007DD4D0 /* BaseCollectionCell.swift */,
				9FC30BA124FABC14007DD4D0 /* EventCollectionViewCell.swift */,
				9FC30BA724FABCDA007DD4D0 /* EventListCollectionViewCell.swift */,
			);
			path = cell;
			sourceTree = "<group>";
		};
		9FC30BAB24FABFF1007DD4D0 /* date */ = {
			isa = PBXGroup;
			children = (
				9FC30BAC24FABFF9007DD4D0 /* DateCollectionViewCell.swift */,
				9FC30BAE24FAC107007DD4D0 /* ListMonthHeaderCollectionReusableView.swift */,
				9FC30BB024FAC204007DD4D0 /* ListDateHeaderCollectionReusableView.swift */,
			);
			path = date;
			sourceTree = "<group>";
		};
/* End PBXGroup section */

/* Begin PBXNativeTarget section */
		9FC30B8124FABA4F007DD4D0 /* Events Design App */ = {
			isa = PBXNativeTarget;
			buildConfigurationList = 9FC30B9624FABA53007DD4D0 /* Build configuration list for PBXNativeTarget "Events Design App" */;
			buildPhases = (
				9FC30B7E24FABA4F007DD4D0 /* Sources */,
				9FC30B7F24FABA4F007DD4D0 /* Frameworks */,
				9FC30B8024FABA4F007DD4D0 /* Resources */,
			);
			buildRules = (
			);
			dependencies = (
			);
			name = "Events Design App";
			productName = "Events Design App";
			productReference = 9FC30B8224FABA4F007DD4D0 /* Events Design App.app */;
			productType = "com.apple.product-type.application";
		};
/* End PBXNativeTarget section */

/* Begin PBXProject section */
		9FC30B7A24FABA4F007DD4D0 /* Project object */ = {
			isa = PBXProject;
			attributes = {
				LastSwiftUpdateCheck = 1140;
				LastUpgradeCheck = 1140;
				ORGANIZATIONNAME = Hossam;
				TargetAttributes = {
					9FC30B8124FABA4F007DD4D0 = {
						CreatedOnToolsVersion = 11.4;
					};
				};
			};
			buildConfigurationList = 9FC30B7D24FABA4F007DD4D0 /* Build configuration list for PBXProject "Events Design App" */;
			compatibilityVersion = "Xcode 9.3";
			developmentRegion = en;
			hasScannedForEncodings = 0;
			knownRegions = (
				en,
				Base,
			);
			mainGroup = 9FC30B7924FABA4F007DD4D0;
			productRefGroup = 9FC30B8324FABA4F007DD4D0 /* Products */;
			projectDirPath = "";
			projectRoot = "";
			targets = (
				9FC30B8124FABA4F007DD4D0 /* Events Design App */,
			);
		};
/* End PBXProject section */

/* Begin PBXResourcesBuildPhase section */
		9FC30B8024FABA4F007DD4D0 /* Resources */ = {
			isa = PBXResourcesBuildPhase;
			buildActionMask = 2147483647;
			files = (
				9FC30B9224FABA53007DD4D0 /* LaunchScreen.storyboard in Resources */,
				9FC30B8F24FABA53007DD4D0 /* Assets.xcassets in Resources */,
				9FC30B8D24FABA4F007DD4D0 /* Main.storyboard in Resources */,
			);
			runOnlyForDeploymentPostprocessing = 0;
		};
/* End PBXResourcesBuildPhase section */

/* Begin PBXSourcesBuildPhase section */
		9FC30B7E24FABA4F007DD4D0 /* Sources */ = {
			isa = PBXSourcesBuildPhase;
			buildActionMask = 2147483647;
			files = (
				9FC30BAA24FABDE1007DD4D0 /* BaseCollectionCell.swift in Sources */,
				9FC30BAD24FABFF9007DD4D0 /* DateCollectionViewCell.swift in Sources */,
				9FC30BA624FABCA7007DD4D0 /* ListView.swift in Sources */,
				9FC30BB124FAC204007DD4D0 /* ListDateHeaderCollectionReusableView.swift in Sources */,
				9FC30B9F24FABBC4007DD4D0 /* UILabel.swift in Sources */,
				9FC30BA424FABC73007DD4D0 /* CalendarView.swift in Sources */,
				9FC30BA224FABC14007DD4D0 /* EventCollectionViewCell.swift in Sources */,
				9FC30B9E24FABBC4007DD4D0 /* ExtensionUivew.swift in Sources */,
				9FC30BA824FABCDA007DD4D0 /* EventListCollectionViewCell.swift in Sources */,
				9FC30B8A24FABA4F007DD4D0 /* HomeVC.swift in Sources */,
				9FC30B8624FABA4F007DD4D0 /* AppDelegate.swift in Sources */,
				9FC30B8824FABA4F007DD4D0 /* SceneDelegate.swift in Sources */,
				9FC30BAF24FAC107007DD4D0 /* ListMonthHeaderCollectionReusableView.swift in Sources */,
			);
			runOnlyForDeploymentPostprocessing = 0;
		};
/* End PBXSourcesBuildPhase section */

/* Begin PBXVariantGroup section */
		9FC30B8B24FABA4F007DD4D0 /* Main.storyboard */ = {
			isa = PBXVariantGroup;
			children = (
				9FC30B8C24FABA4F007DD4D0 /* Base */,
			);
			name = Main.storyboard;
			sourceTree = "<group>";
		};
		9FC30B9024FABA53007DD4D0 /* LaunchScreen.storyboard */ = {
			isa = PBXVariantGroup;
			children = (
				9FC30B9124FABA53007DD4D0 /* Base */,
			);
			name = LaunchScreen.storyboard;
			sourceTree = "<group>";
		};
/* End PBXVariantGroup section */

/* Begin XCBuildConfiguration section */
		9FC30B9424FABA53007DD4D0 /* Debug */ = {
			isa = XCBuildConfiguration;
			buildSettings = {
				ALWAYS_SEARCH_USER_PATHS = NO;
				CLANG_ANALYZER_NONNULL = YES;
				CLANG_ANALYZER_NUMBER_OBJECT_CONVERSION = YES_AGGRESSIVE;
				CLANG_CXX_LANGUAGE_STANDARD = "gnu++14";
				CLANG_CXX_LIBRARY = "libc++";
				CLANG_ENABLE_MODULES = YES;
				CLANG_ENABLE_OBJC_ARC = YES;
				CLANG_ENABLE_OBJC_WEAK = YES;
				CLANG_WARN_BLOCK_CAPTURE_AUTORELEASING = YES;
				CLANG_WARN_BOOL_CONVERSION = YES;
				CLANG_WARN_COMMA = YES;
				CLANG_WARN_CONSTANT_CONVERSION = YES;
				CLANG_WARN_DEPRECATED_OBJC_IMPLEMENTATIONS = YES;
				CLANG_WARN_DIRECT_OBJC_ISA_USAGE = YES_ERROR;
				CLANG_WARN_DOCUMENTATION_COMMENTS = YES;
				CLANG_WARN_EMPTY_BODY = YES;
				CLANG_WARN_ENUM_CONVERSION = YES;
				CLANG_WARN_INFINITE_RECURSION = YES;
				CLANG_WARN_INT_CONVERSION = YES;
				CLANG_WARN_NON_LITERAL_NULL_CONVERSION = YES;
				CLANG_WARN_OBJC_IMPLICIT_RETAIN_SELF = YES;
				CLANG_WARN_OBJC_LITERAL_CONVERSION = YES;
				CLANG_WARN_OBJC_ROOT_CLASS = YES_ERROR;
				CLANG_WARN_RANGE_LOOP_ANALYSIS = YES;
				CLANG_WARN_STRICT_PROTOTYPES = YES;
				CLANG_WARN_SUSPICIOUS_MOVE = YES;
				CLANG_WARN_UNGUARDED_AVAILABILITY = YES_AGGRESSIVE;
				CLANG_WARN_UNREACHABLE_CODE = YES;
				CLANG_WARN__DUPLICATE_METHOD_MATCH = YES;
				COPY_PHASE_STRIP = NO;
				DEBUG_INFORMATION_FORMAT = dwarf;
				ENABLE_STRICT_OBJC_MSGSEND = YES;
				ENABLE_TESTABILITY = YES;
				GCC_C_LANGUAGE_STANDARD = gnu11;
				GCC_DYNAMIC_NO_PIC = NO;
				GCC_NO_COMMON_BLOCKS = YES;
				GCC_OPTIMIZATION_LEVEL = 0;
				GCC_PREPROCESSOR_DEFINITIONS = (
					"DEBUG=1",
					"$(inherited)",
				);
				GCC_WARN_64_TO_32_BIT_CONVERSION = YES;
				GCC_WARN_ABOUT_RETURN_TYPE = YES_ERROR;
				GCC_WARN_UNDECLARED_SELECTOR = YES;
				GCC_WARN_UNINITIALIZED_AUTOS = YES_AGGRESSIVE;
				GCC_WARN_UNUSED_FUNCTION = YES;
				GCC_WARN_UNUSED_VARIABLE = YES;
				IPHONEOS_DEPLOYMENT_TARGET = 13.4;
				MTL_ENABLE_DEBUG_INFO = INCLUDE_SOURCE;
				MTL_FAST_MATH = YES;
				ONLY_ACTIVE_ARCH = YES;
				SDKROOT = iphoneos;
				SWIFT_ACTIVE_COMPILATION_CONDITIONS = DEBUG;
				SWIFT_OPTIMIZATION_LEVEL = "-Onone";
			};
			name = Debug;
		};
		9FC30B9524FABA53007DD4D0 /* Release */ = {
			isa = XCBuildConfiguration;
			buildSettings = {
				ALWAYS_SEARCH_USER_PATHS = NO;
				CLANG_ANALYZER_NONNULL = YES;
				CLANG_ANALYZER_NUMBER_OBJECT_CONVERSION = YES_AGGRESSIVE;
				CLANG_CXX_LANGUAGE_STANDARD = "gnu++14";
				CLANG_CXX_LIBRARY = "libc++";
				CLANG_ENABLE_MODULES = YES;
				CLANG_ENABLE_OBJC_ARC = YES;
				CLANG_ENABLE_OBJC_WEAK = YES;
				CLANG_WARN_BLOCK_CAPTURE_AUTORELEASING = YES;
				CLANG_WARN_BOOL_CONVERSION = YES;
				CLANG_WARN_COMMA = YES;
				CLANG_WARN_CONSTANT_CONVERSION = YES;
				CLANG_WARN_DEPRECATED_OBJC_IMPLEMENTATIONS = YES;
				CLANG_WARN_DIRECT_OBJC_ISA_USAGE = YES_ERROR;
				CLANG_WARN_DOCUMENTATION_COMMENTS = YES;
				CLANG_WARN_EMPTY_BODY = YES;
				CLANG_WARN_ENUM_CONVERSION = YES;
				CLANG_WARN_INFINITE_RECURSION = YES;
				CLANG_WARN_INT_CONVERSION = YES;
				CLANG_WARN_NON_LITERAL_NULL_CONVERSION = YES;
				CLANG_WARN_OBJC_IMPLICIT_RETAIN_SELF = YES;
				CLANG_WARN_OBJC_LITERAL_CONVERSION = YES;
				CLANG_WARN_OBJC_ROOT_CLASS = YES_ERROR;
				CLANG_WARN_RANGE_LOOP_ANALYSIS = YES;
				CLANG_WARN_STRICT_PROTOTYPES = YES;
				CLANG_WARN_SUSPICIOUS_MOVE = YES;
				CLANG_WARN_UNGUARDED_AVAILABILITY = YES_AGGRESSIVE;
				CLANG_WARN_UNREACHABLE_CODE = YES;
				CLANG_WARN__DUPLICATE_METHOD_MATCH = YES;
				COPY_PHASE_STRIP = NO;
				DEBUG_INFORMATION_FORMAT = "dwarf-with-dsym";
				ENABLE_NS_ASSERTIONS = NO;
				ENABLE_STRICT_OBJC_MSGSEND = YES;
				GCC_C_LANGUAGE_STANDARD = gnu11;
				GCC_NO_COMMON_BLOCKS = YES;
				GCC_WARN_64_TO_32_BIT_CONVERSION = YES;
				GCC_WARN_ABOUT_RETURN_TYPE = YES_ERROR;
				GCC_WARN_UNDECLARED_SELECTOR = YES;
				GCC_WARN_UNINITIALIZED_AUTOS = YES_AGGRESSIVE;
				GCC_WARN_UNUSED_FUNCTION = YES;
				GCC_WARN_UNUSED_VARIABLE = YES;
				IPHONEOS_DEPLOYMENT_TARGET = 13.4;
				MTL_ENABLE_DEBUG_INFO = NO;
				MTL_FAST_MATH = YES;
				SDKROOT = iphoneos;
				SWIFT_COMPILATION_MODE = wholemodule;
				SWIFT_OPTIMIZATION_LEVEL = "-O";
				VALIDATE_PRODUCT = YES;
			};
			name = Release;
		};
		9FC30B9724FABA53007DD4D0 /* Debug */ = {
			isa = XCBuildConfiguration;
			buildSettings = {
				ASSETCATALOG_COMPILER_APPICON_NAME = AppIcon;
				CODE_SIGN_STYLE = Automatic;
				DEVELOPMENT_TEAM = 5RTZJMVRS2;
				INFOPLIST_FILE = "Events Design App/Info.plist";
				LD_RUNPATH_SEARCH_PATHS = (
					"$(inherited)",
					"@executable_path/Frameworks",
				);
				PRODUCT_BUNDLE_IDENTIFIER = "com.hosam.net.Events-Design-App";
				PRODUCT_NAME = "$(TARGET_NAME)";
				SWIFT_VERSION = 5.0;
				TARGETED_DEVICE_FAMILY = 1;
			};
			name = Debug;
		};
		9FC30B9824FABA53007DD4D0 /* Release */ = {
			isa = XCBuildConfiguration;
			buildSettings = {
				ASSETCATALOG_COMPILER_APPICON_NAME = AppIcon;
				CODE_SIGN_STYLE = Automatic;
				DEVELOPMENT_TEAM = 5RTZJMVRS2;
				INFOPLIST_FILE = "Events Design App/Info.plist";
				LD_RUNPATH_SEARCH_PATHS = (
					"$(inherited)",
					"@executable_path/Frameworks",
				);
				PRODUCT_BUNDLE_IDENTIFIER = "com.hosam.net.Events-Design-App";
				PRODUCT_NAME = "$(TARGET_NAME)";
				SWIFT_VERSION = 5.0;
				TARGETED_DEVICE_FAMILY = 1;
			};
			name = Release;
		};
/* End XCBuildConfiguration section */

/* Begin XCConfigurationList section */
		9FC30B7D24FABA4F007DD4D0 /* Build configuration list for PBXProject "Events Design App" */ = {
			isa = XCConfigurationList;
			buildConfigurations = (
				9FC30B9424FABA53007DD4D0 /* Debug */,
				9FC30B9524FABA53007DD4D0 /* Release */,
			);
			defaultConfigurationIsVisible = 0;
			defaultConfigurationName = Release;
		};
		9FC30B9624FABA53007DD4D0 /* Build configuration list for PBXNativeTarget "Events Design App" */ = {
			isa = XCConfigurationList;
			buildConfigurations = (
				9FC30B9724FABA53007DD4D0 /* Debug */,
				9FC30B9824FABA53007DD4D0 /* Release */,
			);
			defaultConfigurationIsVisible = 0;
			defaultConfigurationName = Release;
		};
/* End XCConfigurationList section */
	};
	rootObject = 9FC30B7A24FABA4F007DD4D0 /* Project object */;
}
